STORAGE: NONE
RESTRICTION: == netstandard2.0
NUGET
  remote: https://api.nuget.org/v3/index.json
    Fable.Beam (5.0.0-rc.17)
      Fable.Core (5.0.0-rc.1)
      FSharp.Core (>= 5.0)
    Fable.Core (5.0.0-rc.1)
      FSharp.Core (>= 4.7.2)
    FSharp.Core (5.0)

GROUP Test
STORAGE: NONE
RESTRICTION: == net10.0
NUGET
  remote: https://api.nuget.org/v3/index.json
    Fable.Core (5.0.0-rc.1)
      FSharp.Core (>= 4.7.2)
    FSharp.Core (11.0.100)
